# THIS IS AN AUTOGENERATED FILE. DO NOT EDIT THIS FILE DIRECTLY.
# yarn lockfile v1


dotenv@^8.2.0:
  version "8.2.0"
  resolved "https://registry.yarnpkg.com/dotenv/-/dotenv-8.2.0.tgz#97e619259ada750eea3e4ea3e26bceea5424b16a"
  integrity sha512-8sJ78ElpbDJBHNeBzUbUVLsqKdccaa/BXF1uPTw3GrvQTBgrQrtObr2mUrE38vzYd8cEv+m/JBfDLioYcfXoaw==

node-lame@^1.2.2:
  version "1.2.2"
  resolved "https://registry.yarnpkg.com/node-lame/-/node-lame-1.2.2.tgz#cf34dfda8d68759b42693f9a4fc93b6fccde61e2"
  integrity sha512-tYUZ0n6HMzTOWC1aRrD7IoQlbE2EdnDrR5o5xSFYSKQViJu4oO3DHs1Oj0svDJ3k4eJRqCqwllO9Cy8KeT09WA==

super-worker@^1.0.0:
  version "1.0.0"
  resolved "https://registry.yarnpkg.com/super-worker/-/super-worker-1.0.0.tgz#5069a11eaf87f62d9395b79222dde8089155d844"
  integrity sha512-Md5ej+QObELHDz5vFE4n3BllDiHr/KlbyhTaAfNxf9DBXYTo+7IDRG6X208kowa4aAsbL6i5gjQYhSdRJz/yzQ==
